
Microsoft Visual Studio Solution File, Format Version 12.00
# Visual Studio Version 16
VisualStudioVersion = 16.0.30503.244
MinimumVisualStudioVersion = 10.0.40219.1
Project("{FAE04EC0-301F-11D3-BF4B-00C04F79EFBC}") = "myConsoleProject.cs", "myConsoleProject.cs\myConsoleProject.cs.csproj", "{DA0A8765-7BF8-4EDD-8774-94F9108C0432}"
EndProject
Global
	GlobalSection(SolutionConfigurationPlatforms) = preSolution
		Debug|Any CPU = Debug|Any CPU
		Release|Any CPU = Release|Any CPU
	EndGlobalSection
	GlobalSection(ProjectConfigurationPlatforms) = postSolution
		{DA0A8765-7BF8-4EDD-8774-94F9108C0432}.Debug|Any CPU.ActiveCfg = Debug|Any CPU
		{DA0A8765-7BF8-4EDD-8774-94F9108C0432}.Debug|Any CPU.Build.0 = Debug|Any CPU
		{DA0A8765-7BF8-4EDD-8774-94F9108C0432}.Release|Any CPU.ActiveCfg = Release|Any CPU
		{DA0A8765-7BF8-4EDD-8774-94F9108C0432}.Release|Any CPU.Build.0 = Release|Any CPU
	EndGlobalSection
	GlobalSection(SolutionProperties) = preSolution
		HideSolutionNode = FALSE
	EndGlobalSection
	GlobalSection(ExtensibilityGlobals) = postSolution
		SolutionGuid = {63B1B849-E80A-4432-A53F-BC4F84BB972E}
	EndGlobalSection
EndGlobal
